
Microsoft Visual Studio Solution File, Format Version 12.00
# Visual Studio 2012
Project("{8BC9CEB8-8B4A-11D0-8D11-00A0C91BC942}") = "Helpers", "helpers\Helpers.vcxproj", "{B3612C81-3DC8-435A-A6A5-7935BF5FD60C}"
EndProject
Project("{8BC9CEB8-8B4A-11D0-8D11-00A0C91BC942}") = "MultiOneTimePasswordResyncCredentialProvider", "MultiOneTimePasswordResyncCredentialProvider\MultiOneTimePasswordResyncCredentialProvider.vcxproj", "{2DF895C3-D1B4-4632-8F76-F06670A0D311}"
EndProject
Project("{8BC9CEB8-8B4A-11D0-8D11-00A0C91BC942}") = "MultiOneTimePasswordCredentialProvider", "MultiOneTimePasswordCredentialProvider\MultiOneTimePasswordCredentialProvider.vcxproj", "{C2D61BA4-3FAA-4E42-8618-85A2EE4CCCBB}"
EndProject
Project("{8BC9CEB8-8B4A-11D0-8D11-00A0C91BC942}") = "MultiOneTimePasswordCredentialProviderFilter", "MultiOneTimePasswordCredentialProviderFilter\MultiOneTimePasswordCredentialProviderFilter.vcxproj", "{E8100BB4-E5F1-47D0-A4FD-4A8C70503D9F}"
EndProject
Project("{2150E333-8FDC-42A3-9474-1A3956D46DE8}") = "Solution Items", "Solution Items", "{702EF40A-4EA9-4927-B46F-A876B7DA17DF}"
	ProjectSection(SolutionItems) = preProject
		ApacheLicense.rtf = ApacheLicense.rtf
		ApacheLicense.txt = ApacheLicense.txt
		BUILD.TXT = BUILD.TXT
		README.TXT = README.TXT
	EndProjectSection
EndProject
Project("{930C7802-8A8C-48F9-8165-68863BCCD9DD}") = "MultiOTPSetup", "MultiOTPSetup\MultiOTPSetup.wixproj", "{545CD423-6E1B-47FC-A040-D4324DFC4D05}"
EndProject
Project("{8BC9CEB8-8B4A-11D0-8D11-00A0C91BC942}") = "WiXCustomActions", "WiXCustomActions\WiXCustomActions.vcxproj", "{6A0B4435-CE43-4D0D-BCDC-B19804142C59}"
EndProject
Project("{8BC9CEB8-8B4A-11D0-8D11-00A0C91BC942}") = "MultiOneTimePasswordCallExternalService", "MultiOneTimePasswordCallExternalService\MultiOneTimePasswordCallExternalService.vcxproj", "{DB1C9F7B-B4FF-4610-9CF0-F2BFED03CD0F}"
EndProject
Global
	GlobalSection(SolutionConfigurationPlatforms) = preSolution
		Debug|Mixed Platforms = Debug|Mixed Platforms
		Debug|Win32 = Debug|Win32
		Debug|x64 = Debug|x64
		Debug|x86 = Debug|x86
		Release English|Mixed Platforms = Release English|Mixed Platforms
		Release English|Win32 = Release English|Win32
		Release English|x64 = Release English|x64
		Release English|x86 = Release English|x86
		Release German|Mixed Platforms = Release German|Mixed Platforms
		Release German|Win32 = Release German|Win32
		Release German|x64 = Release German|x64
		Release German|x86 = Release German|x86
		Release|Mixed Platforms = Release|Mixed Platforms
		Release|Win32 = Release|Win32
		Release|x64 = Release|x64
		Release|x86 = Release|x86
	EndGlobalSection
	GlobalSection(ProjectConfigurationPlatforms) = postSolution
		{B3612C81-3DC8-435A-A6A5-7935BF5FD60C}.Debug|Mixed Platforms.ActiveCfg = Debug|Win32
		{B3612C81-3DC8-435A-A6A5-7935BF5FD60C}.Debug|Mixed Platforms.Build.0 = Debug|Win32
		{B3612C81-3DC8-435A-A6A5-7935BF5FD60C}.Debug|Win32.ActiveCfg = Debug|Win32
		{B3612C81-3DC8-435A-A6A5-7935BF5FD60C}.Debug|Win32.Build.0 = Debug|Win32
		{B3612C81-3DC8-435A-A6A5-7935BF5FD60C}.Debug|x64.ActiveCfg = Debug|x64
		{B3612C81-3DC8-435A-A6A5-7935BF5FD60C}.Debug|x64.Build.0 = Debug|x64
		{B3612C81-3DC8-435A-A6A5-7935BF5FD60C}.Debug|x86.ActiveCfg = Debug|Win32
		{B3612C81-3DC8-435A-A6A5-7935BF5FD60C}.Debug|x86.Build.0 = Debug|Win32
		{B3612C81-3DC8-435A-A6A5-7935BF5FD60C}.Release English|Mixed Platforms.ActiveCfg = Release English|Win32
		{B3612C81-3DC8-435A-A6A5-7935BF5FD60C}.Release English|Mixed Platforms.Build.0 = Release English|Win32
		{B3612C81-3DC8-435A-A6A5-7935BF5FD60C}.Release English|Win32.ActiveCfg = Release English|Win32
		{B3612C81-3DC8-435A-A6A5-7935BF5FD60C}.Release English|Win32.Build.0 = Release English|Win32
		{B3612C81-3DC8-435A-A6A5-7935BF5FD60C}.Release English|x64.ActiveCfg = Release English|x64
		{B3612C81-3DC8-435A-A6A5-7935BF5FD60C}.Release English|x64.Build.0 = Release English|x64
		{B3612C81-3DC8-435A-A6A5-7935BF5FD60C}.Release English|x86.ActiveCfg = Release English|Win32
		{B3612C81-3DC8-435A-A6A5-7935BF5FD60C}.Release English|x86.Build.0 = Release English|Win32
		{B3612C81-3DC8-435A-A6A5-7935BF5FD60C}.Release German|Mixed Platforms.ActiveCfg = Release English|Win32
		{B3612C81-3DC8-435A-A6A5-7935BF5FD60C}.Release German|Mixed Platforms.Build.0 = Release English|Win32
		{B3612C81-3DC8-435A-A6A5-7935BF5FD60C}.Release German|Win32.ActiveCfg = Release|Win32
		{B3612C81-3DC8-435A-A6A5-7935BF5FD60C}.Release German|Win32.Build.0 = Release|Win32
		{B3612C81-3DC8-435A-A6A5-7935BF5FD60C}.Release German|x64.ActiveCfg = Release|x64
		{B3612C81-3DC8-435A-A6A5-7935BF5FD60C}.Release German|x64.Build.0 = Release|x64
		{B3612C81-3DC8-435A-A6A5-7935BF5FD60C}.Release German|x86.ActiveCfg = Release English|Win32
		{B3612C81-3DC8-435A-A6A5-7935BF5FD60C}.Release German|x86.Build.0 = Release English|Win32
		{B3612C81-3DC8-435A-A6A5-7935BF5FD60C}.Release|Mixed Platforms.ActiveCfg = Release|Win32
		{B3612C81-3DC8-435A-A6A5-7935BF5FD60C}.Release|Mixed Platforms.Build.0 = Release|Win32
		{B3612C81-3DC8-435A-A6A5-7935BF5FD60C}.Release|Win32.ActiveCfg = Release|Win32
		{B3612C81-3DC8-435A-A6A5-7935BF5FD60C}.Release|Win32.Build.0 = Release|Win32
		{B3612C81-3DC8-435A-A6A5-7935BF5FD60C}.Release|x64.ActiveCfg = Release|x64
		{B3612C81-3DC8-435A-A6A5-7935BF5FD60C}.Release|x64.Build.0 = Release|x64
		{B3612C81-3DC8-435A-A6A5-7935BF5FD60C}.Release|x86.ActiveCfg = Release|Win32
		{B3612C81-3DC8-435A-A6A5-7935BF5FD60C}.Release|x86.Build.0 = Release|Win32
		{2DF895C3-D1B4-4632-8F76-F06670A0D311}.Debug|Mixed Platforms.ActiveCfg = Debug|Win32
		{2DF895C3-D1B4-4632-8F76-F06670A0D311}.Debug|Mixed Platforms.Build.0 = Debug|Win32
		{2DF895C3-D1B4-4632-8F76-F06670A0D311}.Debug|Win32.ActiveCfg = Debug|Win32
		{2DF895C3-D1B4-4632-8F76-F06670A0D311}.Debug|Win32.Build.0 = Debug|Win32
		{2DF895C3-D1B4-4632-8F76-F06670A0D311}.Debug|x64.ActiveCfg = Debug|x64
		{2DF895C3-D1B4-4632-8F76-F06670A0D311}.Debug|x64.Build.0 = Debug|x64
		{2DF895C3-D1B4-4632-8F76-F06670A0D311}.Debug|x86.ActiveCfg = Debug|Win32
		{2DF895C3-D1B4-4632-8F76-F06670A0D311}.Debug|x86.Build.0 = Debug|Win32
		{2DF895C3-D1B4-4632-8F76-F06670A0D311}.Release English|Mixed Platforms.ActiveCfg = Release English|Win32
		{2DF895C3-D1B4-4632-8F76-F06670A0D311}.Release English|Mixed Platforms.Build.0 = Release English|Win32
		{2DF895C3-D1B4-4632-8F76-F06670A0D311}.Release English|Win32.ActiveCfg = Release English|Win32
		{2DF895C3-D1B4-4632-8F76-F06670A0D311}.Release English|Win32.Build.0 = Release English|Win32
		{2DF895C3-D1B4-4632-8F76-F06670A0D311}.Release English|x64.ActiveCfg = Release English|x64
		{2DF895C3-D1B4-4632-8F76-F06670A0D311}.Release English|x64.Build.0 = Release English|x64
		{2DF895C3-D1B4-4632-8F76-F06670A0D311}.Release English|x86.ActiveCfg = Release English|Win32
		{2DF895C3-D1B4-4632-8F76-F06670A0D311}.Release English|x86.Build.0 = Release English|Win32
		{2DF895C3-D1B4-4632-8F76-F06670A0D311}.Release German|Mixed Platforms.ActiveCfg = Release English|Win32
		{2DF895C3-D1B4-4632-8F76-F06670A0D311}.Release German|Mixed Platforms.Build.0 = Release English|Win32
		{2DF895C3-D1B4-4632-8F76-F06670A0D311}.Release German|Win32.ActiveCfg = Release|Win32
		{2DF895C3-D1B4-4632-8F76-F06670A0D311}.Release German|Win32.Build.0 = Release|Win32
		{2DF895C3-D1B4-4632-8F76-F06670A0D311}.Release German|x64.ActiveCfg = Release|x64
		{2DF895C3-D1B4-4632-8F76-F06670A0D311}.Release German|x64.Build.0 = Release|x64
		{2DF895C3-D1B4-4632-8F76-F06670A0D311}.Release German|x86.ActiveCfg = Release English|Win32
		{2DF895C3-D1B4-4632-8F76-F06670A0D311}.Release German|x86.Build.0 = Release English|Win32
		{2DF895C3-D1B4-4632-8F76-F06670A0D311}.Release|Mixed Platforms.ActiveCfg = Release|Win32
		{2DF895C3-D1B4-4632-8F76-F06670A0D311}.Release|Mixed Platforms.Build.0 = Release|Win32
		{2DF895C3-D1B4-4632-8F76-F06670A0D311}.Release|Win32.ActiveCfg = Release|Win32
		{2DF895C3-D1B4-4632-8F76-F06670A0D311}.Release|Win32.Build.0 = Release|Win32
		{2DF895C3-D1B4-4632-8F76-F06670A0D311}.Release|x64.ActiveCfg = Release|x64
		{2DF895C3-D1B4-4632-8F76-F06670A0D311}.Release|x64.Build.0 = Release|x64
		{2DF895C3-D1B4-4632-8F76-F06670A0D311}.Release|x86.ActiveCfg = Release|Win32
		{2DF895C3-D1B4-4632-8F76-F06670A0D311}.Release|x86.Build.0 = Release|Win32
		{C2D61BA4-3FAA-4E42-8618-85A2EE4CCCBB}.Debug|Mixed Platforms.ActiveCfg = Debug|Win32
		{C2D61BA4-3FAA-4E42-8618-85A2EE4CCCBB}.Debug|Mixed Platforms.Build.0 = Debug|Win32
		{C2D61BA4-3FAA-4E42-8618-85A2EE4CCCBB}.Debug|Win32.ActiveCfg = Debug|Win32
		{C2D61BA4-3FAA-4E42-8618-85A2EE4CCCBB}.Debug|Win32.Build.0 = Debug|Win32
		{C2D61BA4-3FAA-4E42-8618-85A2EE4CCCBB}.Debug|x64.ActiveCfg = Debug|x64
		{C2D61BA4-3FAA-4E42-8618-85A2EE4CCCBB}.Debug|x64.Build.0 = Debug|x64
		{C2D61BA4-3FAA-4E42-8618-85A2EE4CCCBB}.Debug|x86.ActiveCfg = Debug|Win32
		{C2D61BA4-3FAA-4E42-8618-85A2EE4CCCBB}.Debug|x86.Build.0 = Debug|Win32
		{C2D61BA4-3FAA-4E42-8618-85A2EE4CCCBB}.Release English|Mixed Platforms.ActiveCfg = Release English|Win32
		{C2D61BA4-3FAA-4E42-8618-85A2EE4CCCBB}.Release English|Mixed Platforms.Build.0 = Release English|Win32
		{C2D61BA4-3FAA-4E42-8618-85A2EE4CCCBB}.Release English|Win32.ActiveCfg = Release English|Win32
		{C2D61BA4-3FAA-4E42-8618-85A2EE4CCCBB}.Release English|Win32.Build.0 = Release English|Win32
		{C2D61BA4-3FAA-4E42-8618-85A2EE4CCCBB}.Release English|x64.ActiveCfg = Release English|x64
		{C2D61BA4-3FAA-4E42-8618-85A2EE4CCCBB}.Release English|x64.Build.0 = Release English|x64
		{C2D61BA4-3FAA-4E42-8618-85A2EE4CCCBB}.Release English|x86.ActiveCfg = Release English|Win32
		{C2D61BA4-3FAA-4E42-8618-85A2EE4CCCBB}.Release English|x86.Build.0 = Release English|Win32
		{C2D61BA4-3FAA-4E42-8618-85A2EE4CCCBB}.Release German|Mixed Platforms.ActiveCfg = Release English|Win32
		{C2D61BA4-3FAA-4E42-8618-85A2EE4CCCBB}.Release German|Mixed Platforms.Build.0 = Release English|Win32
		{C2D61BA4-3FAA-4E42-8618-85A2EE4CCCBB}.Release German|Win32.ActiveCfg = Release|Win32
		{C2D61BA4-3FAA-4E42-8618-85A2EE4CCCBB}.Release German|Win32.Build.0 = Release|Win32
		{C2D61BA4-3FAA-4E42-8618-85A2EE4CCCBB}.Release German|x64.ActiveCfg = Release|x64
		{C2D61BA4-3FAA-4E42-8618-85A2EE4CCCBB}.Release German|x64.Build.0 = Release|x64
		{C2D61BA4-3FAA-4E42-8618-85A2EE4CCCBB}.Release German|x86.ActiveCfg = Release English|Win32
		{C2D61BA4-3FAA-4E42-8618-85A2EE4CCCBB}.Release German|x86.Build.0 = Release English|Win32
		{C2D61BA4-3FAA-4E42-8618-85A2EE4CCCBB}.Release|Mixed Platforms.ActiveCfg = Release|Win32
		{C2D61BA4-3FAA-4E42-8618-85A2EE4CCCBB}.Release|Mixed Platforms.Build.0 = Release|Win32
		{C2D61BA4-3FAA-4E42-8618-85A2EE4CCCBB}.Release|Win32.ActiveCfg = Release|Win32
		{C2D61BA4-3FAA-4E42-8618-85A2EE4CCCBB}.Release|Win32.Build.0 = Release|Win32
		{C2D61BA4-3FAA-4E42-8618-85A2EE4CCCBB}.Release|x64.ActiveCfg = Release|x64
		{C2D61BA4-3FAA-4E42-8618-85A2EE4CCCBB}.Release|x64.Build.0 = Release|x64
		{C2D61BA4-3FAA-4E42-8618-85A2EE4CCCBB}.Release|x86.ActiveCfg = Release|Win32
		{C2D61BA4-3FAA-4E42-8618-85A2EE4CCCBB}.Release|x86.Build.0 = Release|Win32
		{E8100BB4-E5F1-47D0-A4FD-4A8C70503D9F}.Debug|Mixed Platforms.ActiveCfg = Debug|Win32
		{E8100BB4-E5F1-47D0-A4FD-4A8C70503D9F}.Debug|Mixed Platforms.Build.0 = Debug|Win32
		{E8100BB4-E5F1-47D0-A4FD-4A8C70503D9F}.Debug|Win32.ActiveCfg = Debug|Win32
		{E8100BB4-E5F1-47D0-A4FD-4A8C70503D9F}.Debug|Win32.Build.0 = Debug|Win32
		{E8100BB4-E5F1-47D0-A4FD-4A8C70503D9F}.Debug|x64.ActiveCfg = Debug|x64
		{E8100BB4-E5F1-47D0-A4FD-4A8C70503D9F}.Debug|x64.Build.0 = Debug|x64
		{E8100BB4-E5F1-47D0-A4FD-4A8C70503D9F}.Debug|x86.ActiveCfg = Debug|Win32
		{E8100BB4-E5F1-47D0-A4FD-4A8C70503D9F}.Debug|x86.Build.0 = Debug|Win32
		{E8100BB4-E5F1-47D0-A4FD-4A8C70503D9F}.Release English|Mixed Platforms.ActiveCfg = Release English|Win32
		{E8100BB4-E5F1-47D0-A4FD-4A8C70503D9F}.Release English|Mixed Platforms.Build.0 = Release English|Win32
		{E8100BB4-E5F1-47D0-A4FD-4A8C70503D9F}.Release English|Win32.ActiveCfg = Release English|Win32
		{E8100BB4-E5F1-47D0-A4FD-4A8C70503D9F}.Release English|Win32.Build.0 = Release English|Win32
		{E8100BB4-E5F1-47D0-A4FD-4A8C70503D9F}.Release English|x64.ActiveCfg = Release English|x64
		{E8100BB4-E5F1-47D0-A4FD-4A8C70503D9F}.Release English|x64.Build.0 = Release English|x64
		{E8100BB4-E5F1-47D0-A4FD-4A8C70503D9F}.Release English|x86.ActiveCfg = Release English|Win32
		{E8100BB4-E5F1-47D0-A4FD-4A8C70503D9F}.Release English|x86.Build.0 = Release English|Win32
		{E8100BB4-E5F1-47D0-A4FD-4A8C70503D9F}.Release German|Mixed Platforms.ActiveCfg = Release English|Win32
		{E8100BB4-E5F1-47D0-A4FD-4A8C70503D9F}.Release German|Mixed Platforms.Build.0 = Release English|Win32
		{E8100BB4-E5F1-47D0-A4FD-4A8C70503D9F}.Release German|Win32.ActiveCfg = Release|Win32
		{E8100BB4-E5F1-47D0-A4FD-4A8C70503D9F}.Release German|Win32.Build.0 = Release|Win32
		{E8100BB4-E5F1-47D0-A4FD-4A8C70503D9F}.Release German|x64.ActiveCfg = Release|x64
		{E8100BB4-E5F1-47D0-A4FD-4A8C70503D9F}.Release German|x64.Build.0 = Release|x64
		{E8100BB4-E5F1-47D0-A4FD-4A8C70503D9F}.Release German|x86.ActiveCfg = Release English|Win32
		{E8100BB4-E5F1-47D0-A4FD-4A8C70503D9F}.Release German|x86.Build.0 = Release English|Win32
		{E8100BB4-E5F1-47D0-A4FD-4A8C70503D9F}.Release|Mixed Platforms.ActiveCfg = Release|Win32
		{E8100BB4-E5F1-47D0-A4FD-4A8C70503D9F}.Release|Mixed Platforms.Build.0 = Release|Win32
		{E8100BB4-E5F1-47D0-A4FD-4A8C70503D9F}.Release|Win32.ActiveCfg = Release|Win32
		{E8100BB4-E5F1-47D0-A4FD-4A8C70503D9F}.Release|Win32.Build.0 = Release|Win32
		{E8100BB4-E5F1-47D0-A4FD-4A8C70503D9F}.Release|x64.ActiveCfg = Release|x64
		{E8100BB4-E5F1-47D0-A4FD-4A8C70503D9F}.Release|x64.Build.0 = Release|x64
		{E8100BB4-E5F1-47D0-A4FD-4A8C70503D9F}.Release|x86.ActiveCfg = Release|Win32
		{E8100BB4-E5F1-47D0-A4FD-4A8C70503D9F}.Release|x86.Build.0 = Release|Win32
		{545CD423-6E1B-47FC-A040-D4324DFC4D05}.Debug|Mixed Platforms.ActiveCfg = Debug|x86
		{545CD423-6E1B-47FC-A040-D4324DFC4D05}.Debug|Win32.ActiveCfg = Debug|x86
		{545CD423-6E1B-47FC-A040-D4324DFC4D05}.Debug|x64.ActiveCfg = Debug|x64
		{545CD423-6E1B-47FC-A040-D4324DFC4D05}.Debug|x86.ActiveCfg = Debug|x86
		{545CD423-6E1B-47FC-A040-D4324DFC4D05}.Release English|Mixed Platforms.ActiveCfg = Release|x86
		{545CD423-6E1B-47FC-A040-D4324DFC4D05}.Release English|Win32.ActiveCfg = Release|x86
		{545CD423-6E1B-47FC-A040-D4324DFC4D05}.Release English|x64.ActiveCfg = Release|x64
		{545CD423-6E1B-47FC-A040-D4324DFC4D05}.Release English|x86.ActiveCfg = Release|x86
		{545CD423-6E1B-47FC-A040-D4324DFC4D05}.Release German|Mixed Platforms.ActiveCfg = Release|x86
		{545CD423-6E1B-47FC-A040-D4324DFC4D05}.Release German|Mixed Platforms.Build.0 = Release|x86
		{545CD423-6E1B-47FC-A040-D4324DFC4D05}.Release German|Win32.ActiveCfg = Release|x86
		{545CD423-6E1B-47FC-A040-D4324DFC4D05}.Release German|Win32.Build.0 = Release|x86
		{545CD423-6E1B-47FC-A040-D4324DFC4D05}.Release German|x64.ActiveCfg = Release|x86
		{545CD423-6E1B-47FC-A040-D4324DFC4D05}.Release German|x86.ActiveCfg = Release|x86
		{545CD423-6E1B-47FC-A040-D4324DFC4D05}.Release German|x86.Build.0 = Release|x86
		{545CD423-6E1B-47FC-A040-D4324DFC4D05}.Release|Mixed Platforms.ActiveCfg = Release|x86
		{545CD423-6E1B-47FC-A040-D4324DFC4D05}.Release|Win32.ActiveCfg = Release|x86
		{545CD423-6E1B-47FC-A040-D4324DFC4D05}.Release|x64.ActiveCfg = Release|x64
		{545CD423-6E1B-47FC-A040-D4324DFC4D05}.Release|x86.ActiveCfg = Release|x86
		{6A0B4435-CE43-4D0D-BCDC-B19804142C59}.Debug|Mixed Platforms.ActiveCfg = Debug|Win32
		{6A0B4435-CE43-4D0D-BCDC-B19804142C59}.Debug|Mixed Platforms.Build.0 = Debug|Win32
		{6A0B4435-CE43-4D0D-BCDC-B19804142C59}.Debug|Win32.ActiveCfg = Debug|Win32
		{6A0B4435-CE43-4D0D-BCDC-B19804142C59}.Debug|Win32.Build.0 = Debug|Win32
		{6A0B4435-CE43-4D0D-BCDC-B19804142C59}.Debug|x64.ActiveCfg = Debug|Win32
		{6A0B4435-CE43-4D0D-BCDC-B19804142C59}.Debug|x64.Build.0 = Debug|Win32
		{6A0B4435-CE43-4D0D-BCDC-B19804142C59}.Debug|x86.ActiveCfg = Debug|Win32
		{6A0B4435-CE43-4D0D-BCDC-B19804142C59}.Debug|x86.Build.0 = Debug|Win32
		{6A0B4435-CE43-4D0D-BCDC-B19804142C59}.Release English|Mixed Platforms.ActiveCfg = Release|Win32
		{6A0B4435-CE43-4D0D-BCDC-B19804142C59}.Release English|Mixed Platforms.Build.0 = Release|Win32
		{6A0B4435-CE43-4D0D-BCDC-B19804142C59}.Release English|Win32.ActiveCfg = Release|Win32
		{6A0B4435-CE43-4D0D-BCDC-B19804142C59}.Release English|Win32.Build.0 = Release|Win32
		{6A0B4435-CE43-4D0D-BCDC-B19804142C59}.Release English|x64.ActiveCfg = Release|Win32
		{6A0B4435-CE43-4D0D-BCDC-B19804142C59}.Release English|x64.Build.0 = Release|Win32
		{6A0B4435-CE43-4D0D-BCDC-B19804142C59}.Release English|x86.ActiveCfg = Release|Win32
		{6A0B4435-CE43-4D0D-BCDC-B19804142C59}.Release English|x86.Build.0 = Release|Win32
		{6A0B4435-CE43-4D0D-BCDC-B19804142C59}.Release German|Mixed Platforms.ActiveCfg = Release|Win32
		{6A0B4435-CE43-4D0D-BCDC-B19804142C59}.Release German|Mixed Platforms.Build.0 = Release|Win32
		{6A0B4435-CE43-4D0D-BCDC-B19804142C59}.Release German|Win32.ActiveCfg = Release|Win32
		{6A0B4435-CE43-4D0D-BCDC-B19804142C59}.Release German|Win32.Build.0 = Release|Win32
		{6A0B4435-CE43-4D0D-BCDC-B19804142C59}.Release German|x64.ActiveCfg = Release|Win32
		{6A0B4435-CE43-4D0D-BCDC-B19804142C59}.Release German|x86.ActiveCfg = Release|Win32
		{6A0B4435-CE43-4D0D-BCDC-B19804142C59}.Release German|x86.Build.0 = Release|Win32
		{6A0B4435-CE43-4D0D-BCDC-B19804142C59}.Release|Mixed Platforms.ActiveCfg = Release|Win32
		{6A0B4435-CE43-4D0D-BCDC-B19804142C59}.Release|Win32.ActiveCfg = Release|Win32
		{6A0B4435-CE43-4D0D-BCDC-B19804142C59}.Release|x64.ActiveCfg = Release|Win32
		{6A0B4435-CE43-4D0D-BCDC-B19804142C59}.Release|x86.ActiveCfg = Release|Win32
		{DB1C9F7B-B4FF-4610-9CF0-F2BFED03CD0F}.Debug|Mixed Platforms.ActiveCfg = Debug|Win32
		{DB1C9F7B-B4FF-4610-9CF0-F2BFED03CD0F}.Debug|Mixed Platforms.Build.0 = Debug|Win32
		{DB1C9F7B-B4FF-4610-9CF0-F2BFED03CD0F}.Debug|Win32.ActiveCfg = Debug|Win32
		{DB1C9F7B-B4FF-4610-9CF0-F2BFED03CD0F}.Debug|Win32.Build.0 = Debug|Win32
		{DB1C9F7B-B4FF-4610-9CF0-F2BFED03CD0F}.Debug|x64.ActiveCfg = Debug|x64
		{DB1C9F7B-B4FF-4610-9CF0-F2BFED03CD0F}.Debug|x64.Build.0 = Debug|x64
		{DB1C9F7B-B4FF-4610-9CF0-F2BFED03CD0F}.Debug|x86.ActiveCfg = Debug|Win32
		{DB1C9F7B-B4FF-4610-9CF0-F2BFED03CD0F}.Debug|x86.Build.0 = Debug|Win32
		{DB1C9F7B-B4FF-4610-9CF0-F2BFED03CD0F}.Release English|Mixed Platforms.ActiveCfg = Release|Win32
		{DB1C9F7B-B4FF-4610-9CF0-F2BFED03CD0F}.Release English|Mixed Platforms.Build.0 = Release|Win32
		{DB1C9F7B-B4FF-4610-9CF0-F2BFED03CD0F}.Release English|Win32.ActiveCfg = Release|Win32
		{DB1C9F7B-B4FF-4610-9CF0-F2BFED03CD0F}.Release English|Win32.Build.0 = Release|Win32
		{DB1C9F7B-B4FF-4610-9CF0-F2BFED03CD0F}.Release English|x64.ActiveCfg = Release|x64
		{DB1C9F7B-B4FF-4610-9CF0-F2BFED03CD0F}.Release English|x64.Build.0 = Release|x64
		{DB1C9F7B-B4FF-4610-9CF0-F2BFED03CD0F}.Release English|x86.ActiveCfg = Release|Win32
		{DB1C9F7B-B4FF-4610-9CF0-F2BFED03CD0F}.Release English|x86.Build.0 = Release|Win32
		{DB1C9F7B-B4FF-4610-9CF0-F2BFED03CD0F}.Release German|Mixed Platforms.ActiveCfg = Release|Win32
		{DB1C9F7B-B4FF-4610-9CF0-F2BFED03CD0F}.Release German|Mixed Platforms.Build.0 = Release|Win32
		{DB1C9F7B-B4FF-4610-9CF0-F2BFED03CD0F}.Release German|Win32.ActiveCfg = Release|Win32
		{DB1C9F7B-B4FF-4610-9CF0-F2BFED03CD0F}.Release German|Win32.Build.0 = Release|Win32
		{DB1C9F7B-B4FF-4610-9CF0-F2BFED03CD0F}.Release German|x64.ActiveCfg = Release|Win32
		{DB1C9F7B-B4FF-4610-9CF0-F2BFED03CD0F}.Release German|x86.ActiveCfg = Release|Win32
		{DB1C9F7B-B4FF-4610-9CF0-F2BFED03CD0F}.Release German|x86.Build.0 = Release|Win32
		{DB1C9F7B-B4FF-4610-9CF0-F2BFED03CD0F}.Release|Mixed Platforms.ActiveCfg = Release|Win32
		{DB1C9F7B-B4FF-4610-9CF0-F2BFED03CD0F}.Release|Mixed Platforms.Build.0 = Release|Win32
		{DB1C9F7B-B4FF-4610-9CF0-F2BFED03CD0F}.Release|Win32.ActiveCfg = Release|Win32
		{DB1C9F7B-B4FF-4610-9CF0-F2BFED03CD0F}.Release|Win32.Build.0 = Release|Win32
		{DB1C9F7B-B4FF-4610-9CF0-F2BFED03CD0F}.Release|x64.ActiveCfg = Release|x64
		{DB1C9F7B-B4FF-4610-9CF0-F2BFED03CD0F}.Release|x64.Build.0 = Release|x64
		{DB1C9F7B-B4FF-4610-9CF0-F2BFED03CD0F}.Release|x86.ActiveCfg = Release|Win32
		{DB1C9F7B-B4FF-4610-9CF0-F2BFED03CD0F}.Release|x86.Build.0 = Release|Win32
	EndGlobalSection
	GlobalSection(SolutionProperties) = preSolution
		HideSolutionNode = FALSE
	EndGlobalSection
EndGlobal
